
Microsoft Visual Studio Solution File, Format Version 12.00
# Visual Studio Version 16
VisualStudioVersion = 16.0.30503.244
MinimumVisualStudioVersion = 10.0.40219.1
Project("{F184B08F-C81C-45F6-A57F-5ABD9991F28F}") = "project1", "project1.vbproj", "{D155D539-C014-4715-A281-47B74F46FBA7}"
EndProject
Global
	GlobalSection(SolutionConfigurationPlatforms) = preSolution
		Debug|Any CPU = Debug|Any CPU
		Release|Any CPU = Release|Any CPU
	EndGlobalSection
	GlobalSection(ProjectConfigurationPlatforms) = postSolution
		{D155D539-C014-4715-A281-47B74F46FBA7}.Debug|Any CPU.ActiveCfg = Debug|Any CPU
		{D155D539-C014-4715-A281-47B74F46FBA7}.Debug|Any CPU.Build.0 = Debug|Any CPU
		{D155D539-C014-4715-A281-47B74F46FBA7}.Release|Any CPU.ActiveCfg = Release|Any CPU
		{D155D539-C014-4715-A281-47B74F46FBA7}.Release|Any CPU.Build.0 = Release|Any CPU
	EndGlobalSection
	GlobalSection(SolutionProperties) = preSolution
		HideSolutionNode = FALSE
	EndGlobalSection
	GlobalSection(ExtensibilityGlobals) = postSolution
		SolutionGuid = {AD3DB5D6-1944-4F70-A683-9B9CF7E0601F}
	EndGlobalSection
EndGlobal
